// !$*UTF8*$!
{
	archiveVersion = 1;
	classes = {
	};
	objectVersion = 46;
	objects = {

/* Begin PBXBuildFile section */
		464E907C19D4F27900C926CD /* AppDelegate.swift in Sources */ = {isa = PBXBuildFile; fileRef = 464E907B19D4F27900C926CD /* AppDelegate.swift */; };
		464E907E19D4F27900C926CD /* ViewController.swift in Sources */ = {isa = PBXBuildFile; fileRef = 464E907D19D4F27900C926CD /* ViewController.swift */; };
		464E908119D4F27900C926CD /* Main.storyboard in Resources */ = {isa = PBXBuildFile; fileRef = 464E907F19D4F27900C926CD /* Main.storyboard */; };
		464E908319D4F27900C926CD /* Images.xcassets in Resources */ = {isa = PBXBuildFile; fileRef = 464E908219D4F27900C926CD /* Images.xcassets */; };
		464E908619D4F27900C926CD /* LaunchScreen.xib in Resources */ = {isa = PBXBuildFile; fileRef = 464E908419D4F27900C926CD /* LaunchScreen.xib */; };
		464E909219D4F27900C926CD /* RottenTomTests.swift in Sources */ = {isa = PBXBuildFile; fileRef = 464E909119D4F27900C926CD /* RottenTomTests.swift */; };
/* End PBXBuildFile section */

/* Begin PBXContainerItemProxy section */
		464E908C19D4F27900C926CD /* PBXContainerItemProxy */ = {
			isa = PBXContainerItemProxy;
			containerPortal = 464E906E19D4F27900C926CD /* Project object */;
			proxyType = 1;
			remoteGlobalIDString = 464E907519D4F27900C926CD;
			remoteInfo = RottenTom;
		};
/* End PBXContainerItemProxy section */

/* Begin PBXFileReference section */
		464E907619D4F27900C926CD /* RottenTom.app */ = {isa = PBXFileReference; explicitFileType = wrapper.application; includeInIndex = 0; path = RottenTom.app; sourceTree = BUILT_PRODUCTS_DIR; };
		464E907A19D4F27900C926CD /* Info.plist */ = {isa = PBXFileReference; lastKnownFileType = text.plist.xml; path = Info.plist; sourceTree = "<group>"; };
		464E907B19D4F27900C926CD /* AppDelegate.swift */ = {isa = PBXFileReference; lastKnownFileType = sourcecode.swift; path = AppDelegate.swift; sourceTree = "<group>"; };
		464E907D19D4F27900C926CD /* ViewController.swift */ = {isa = PBXFileReference; lastKnownFileType = sourcecode.swift; path = ViewController.swift; sourceTree = "<group>"; };
		464E908019D4F27900C926CD /* Base */ = {isa = PBXFileReference; lastKnownFileType = file.storyboard; name = Base; path = Base.lproj/Main.storyboard; sourceTree = "<group>"; };
		464E908219D4F27900C926CD /* Images.xcassets */ = {isa = PBXFileReference; lastKnownFileType = folder.assetcatalog; path = Images.xcassets; sourceTree = "<group>"; };
		464E908519D4F27900C926CD /* Base */ = {isa = PBXFileReference; lastKnownFileType = file.xib; name = Base; path = Base.lproj/LaunchScreen.xib; sourceTree = "<group>"; };
		464E908B19D4F27900C926CD /* RottenTomTests.xctest */ = {isa = PBXFileReference; explicitFileType = wrapper.cfbundle; includeInIndex = 0; path = RottenTomTests.xctest; sourceTree = BUILT_PRODUCTS_DIR; };
		464E909019D4F27900C926CD /* Info.plist */ = {isa = PBXFileReference; lastKnownFileType = text.plist.xml; path = Info.plist; sourceTree = "<group>"; };
		464E909119D4F27900C926CD /* RottenTomTests.swift */ = {isa = PBXFileReference; lastKnownFileType = sourcecode.swift; path = RottenTomTests.swift; sourceTree = "<group>"; };
/* End PBXFileReference section */

/* Begin PBXFrameworksBuildPhase section */
		464E907319D4F27900C926CD /* Frameworks */ = {
			isa = PBXFrameworksBuildPhase;
			buildActionMask = 2147483647;
			files = (
			);
			runOnlyForDeploymentPostprocessing = 0;
		};
		464E908819D4F27900C926CD /* Frameworks */ = {
			isa = PBXFrameworksBuildPhase;
			buildActionMask = 2147483647;
			files = (
			);
			runOnlyForDeploymentPostprocessing = 0;
		};
/* End PBXFrameworksBuildPhase section */

/* Begin PBXGroup section */
		464E906D19D4F27900C926CD = {
			isa = PBXGroup;
			children = (
				464E907819D4F27900C926CD /* RottenTom */,
				464E908E19D4F27900C926CD /* RottenTomTests */,
				464E907719D4F27900C926CD /* Products */,
			);
			sourceTree = "<group>";
		};
		464E907719D4F27900C926CD /* Products */ = {
			isa = PBXGroup;
			children = (
				464E907619D4F27900C926CD /* RottenTom.app */,
				464E908B19D4F27900C926CD /* RottenTomTests.xctest */,
			);
			name = Products;
			sourceTree = "<group>";
		};
		464E907819D4F27900C926CD /* RottenTom */ = {
			isa = PBXGroup;
			children = (
				464E907B19D4F27900C926CD /* AppDelegate.swift */,
				464E907D19D4F27900C926CD /* ViewController.swift */,
				464E907F19D4F27900C926CD /* Main.storyboard */,
				464E908219D4F27900C926CD /* Images.xcassets */,
				464E908419D4F27900C926CD /* LaunchScreen.xib */,
				464E907919D4F27900C926CD /* Supporting Files */,
			);
			path = RottenTom;
			sourceTree = "<group>";
		};
		464E907919D4F27900C926CD /* Supporting Files */ = {
			isa = PBXGroup;
			children = (
				464E907A19D4F27900C926CD /* Info.plist */,
			);
			name = "Supporting Files";
			sourceTree = "<group>";
		};
		464E908E19D4F27900C926CD /* RottenTomTests */ = {
			isa = PBXGroup;
			children = (
				464E909119D4F27900C926CD /* RottenTomTests.swift */,
				464E908F19D4F27900C926CD /* Supporting Files */,
			);
			path = RottenTomTests;
			sourceTree = "<group>";
		};
		464E908F19D4F27900C926CD /* Supporting Files */ = {
			isa = PBXGroup;
			children = (
				464E909019D4F27900C926CD /* Info.plist */,
			);
			name = "Supporting Files";
			sourceTree = "<group>";
		};
/* End PBXGroup section */

/* Begin PBXNativeTarget section */
		464E907519D4F27900C926CD /* RottenTom */ = {
			isa = PBXNativeTarget;
			buildConfigurationList = 464E909519D4F27900C926CD /* Build configuration list for PBXNativeTarget "RottenTom" */;
			buildPhases = (
				464E907219D4F27900C926CD /* Sources */,
				464E907319D4F27900C926CD /* Frameworks */,
				464E907419D4F27900C926CD /* Resources */,
			);
			buildRules = (
			);
			dependencies = (
			);
			name = RottenTom;
			productName = RottenTom;
			productReference = 464E907619D4F27900C926CD /* RottenTom.app */;
			productType = "com.apple.product-type.application";
		};
		464E908A19D4F27900C926CD /* RottenTomTests */ = {
			isa = PBXNativeTarget;
			buildConfigurationList = 464E909819D4F27900C926CD /* Build configuration list for PBXNativeTarget "RottenTomTests" */;
			buildPhases = (
				464E908719D4F27900C926CD /* Sources */,
				464E908819D4F27900C926CD /* Frameworks */,
				464E908919D4F27900C926CD /* Resources */,
			);
			buildRules = (
			);
			dependencies = (
				464E908D19D4F27900C926CD /* PBXTargetDependency */,
			);
			name = RottenTomTests;
			productName = RottenTomTests;
			productReference = 464E908B19D4F27900C926CD /* RottenTomTests.xctest */;
			productType = "com.apple.product-type.bundle.unit-test";
		};
/* End PBXNativeTarget section */

/* Begin PBXProject section */
		464E906E19D4F27900C926CD /* Project object */ = {
			isa = PBXProject;
			attributes = {
				LastUpgradeCheck = 0600;
				ORGANIZATIONNAME = ICH;
				TargetAttributes = {
					464E907519D4F27900C926CD = {
						CreatedOnToolsVersion = 6.0.1;
					};
					464E908A19D4F27900C926CD = {
						CreatedOnToolsVersion = 6.0.1;
						TestTargetID = 464E907519D4F27900C926CD;
					};
				};
			};
			buildConfigurationList = 464E907119D4F27900C926CD /* Build configuration list for PBXProject "RottenTom" */;
			compatibilityVersion = "Xcode 3.2";
			developmentRegion = English;
			hasScannedForEncodings = 0;
			knownRegions = (
				en,
				Base,
			);
			mainGroup = 464E906D19D4F27900C926CD;
			productRefGroup = 464E907719D4F27900C926CD /* Products */;
			projectDirPath = "";
			projectRoot = "";
			targets = (
				464E907519D4F27900C926CD /* RottenTom */,
				464E908A19D4F27900C926CD /* RottenTomTests */,
			);
		};
/* End PBXProject section */

/* Begin PBXResourcesBuildPhase section */
		464E907419D4F27900C926CD /* Resources */ = {
			isa = PBXResourcesBuildPhase;
			buildActionMask = 2147483647;
			files = (
				464E908119D4F27900C926CD /* Main.storyboard in Resources */,
				464E908619D4F27900C926CD /* LaunchScreen.xib in Resources */,
				464E908319D4F27900C926CD /* Images.xcassets in Resources */,
			);
			runOnlyForDeploymentPostprocessing = 0;
		};
		464E908919D4F27900C926CD /* Resources */ = {
			isa = PBXResourcesBuildPhase;
			buildActionMask = 2147483647;
			files = (
			);
			runOnlyForDeploymentPostprocessing = 0;
		};
/* End PBXResourcesBuildPhase section */

/* Begin PBXSourcesBuildPhase section */
		464E907219D4F27900C926CD /* Sources */ = {
			isa = PBXSourcesBuildPhase;
			buildActionMask = 2147483647;
			files = (
				464E907E19D4F27900C926CD /* ViewController.swift in Sources */,
				464E907C19D4F27900C926CD /* AppDelegate.swift in Sources */,
			);
			runOnlyForDeploymentPostprocessing = 0;
		};
		464E908719D4F27900C926CD /* Sources */ = {
			isa = PBXSourcesBuildPhase;
			buildActionMask = 2147483647;
			files = (
				464E909219D4F27900C926CD /* RottenTomTests.swift in Sources */,
			);
			runOnlyForDeploymentPostprocessing = 0;
		};
/* End PBXSourcesBuildPhase section */

/* Begin PBXTargetDependency section */
		464E908D19D4F27900C926CD /* PBXTargetDependency */ = {
			isa = PBXTargetDependency;
			target = 464E907519D4F27900C926CD /* RottenTom */;
			targetProxy = 464E908C19D4F27900C926CD /* PBXContainerItemProxy */;
		};
/* End PBXTargetDependency section */

/* Begin PBXVariantGroup section */
		464E907F19D4F27900C926CD /* Main.storyboard */ = {
			isa = PBXVariantGroup;
			children = (
				464E908019D4F27900C926CD /* Base */,
			);
			name = Main.storyboard;
			sourceTree = "<group>";
		};
		464E908419D4F27900C926CD /* LaunchScreen.xib */ = {
			isa = PBXVariantGroup;
			children = (
				464E908519D4F27900C926CD /* Base */,
			);
			name = LaunchScreen.xib;
			sourceTree = "<group>";
		};
/* End PBXVariantGroup section */

/* Begin XCBuildConfiguration section */
		464E909319D4F27900C926CD /* Debug */ = {
			isa = XCBuildConfiguration;
			buildSettings = {
				ALWAYS_SEARCH_USER_PATHS = NO;
				CLANG_CXX_LANGUAGE_STANDARD = "gnu++0x";
				CLANG_CXX_LIBRARY = "libc++";
				CLANG_ENABLE_MODULES = YES;
				CLANG_ENABLE_OBJC_ARC = YES;
				CLANG_WARN_BOOL_CONVERSION = YES;
				CLANG_WARN_CONSTANT_CONVERSION = YES;
				CLANG_WARN_DIRECT_OBJC_ISA_USAGE = YES_ERROR;
				CLANG_WARN_EMPTY_BODY = YES;
				CLANG_WARN_ENUM_CONVERSION = YES;
				CLANG_WARN_INT_CONVERSION = YES;
				CLANG_WARN_OBJC_ROOT_CLASS = YES_ERROR;
				CLANG_WARN_UNREACHABLE_CODE = YES;
				CLANG_WARN__DUPLICATE_METHOD_MATCH = YES;
				"CODE_SIGN_IDENTITY[sdk=iphoneos*]" = "iPhone Developer";
				COPY_PHASE_STRIP = NO;
				ENABLE_STRICT_OBJC_MSGSEND = YES;
				GCC_C_LANGUAGE_STANDARD = gnu99;
				GCC_DYNAMIC_NO_PIC = NO;
				GCC_OPTIMIZATION_LEVEL = 0;
				GCC_PREPROCESSOR_DEFINITIONS = (
					"DEBUG=1",
					"$(inherited)",
				);
				GCC_SYMBOLS_PRIVATE_EXTERN = NO;
				GCC_WARN_64_TO_32_BIT_CONVERSION = YES;
				GCC_WARN_ABOUT_RETURN_TYPE = YES_ERROR;
				GCC_WARN_UNDECLARED_SELECTOR = YES;
				GCC_WARN_UNINITIALIZED_AUTOS = YES_AGGRESSIVE;
				GCC_WARN_UNUSED_FUNCTION = YES;
				GCC_WARN_UNUSED_VARIABLE = YES;
				IPHONEOS_DEPLOYMENT_TARGET = 8.0;
				MTL_ENABLE_DEBUG_INFO = YES;
				ONLY_ACTIVE_ARCH = YES;
				SDKROOT = iphoneos;
				SWIFT_OPTIMIZATION_LEVEL = "-Onone";
				TARGETED_DEVICE_FAMILY = "1,2";
			};
			name = Debug;
		};
		464E909419D4F27900C926CD /* Release */ = {
			isa = XCBuildConfiguration;
			buildSettings = {
				ALWAYS_SEARCH_USER_PATHS = NO;
				CLANG_CXX_LANGUAGE_STANDARD = "gnu++0x";
				CLANG_CXX_LIBRARY = "libc++";
				CLANG_ENABLE_MODULES = YES;
				CLANG_ENABLE_OBJC_ARC = YES;
				CLANG_WARN_BOOL_CONVERSION = YES;
				CLANG_WARN_CONSTANT_CONVERSION = YES;
				CLANG_WARN_DIRECT_OBJC_ISA_USAGE = YES_ERROR;
				CLANG_WARN_EMPTY_BODY = YES;
				CLANG_WARN_ENUM_CONVERSION = YES;
				CLANG_WARN_INT_CONVERSION = YES;
				CLANG_WARN_OBJC_ROOT_CLASS = YES_ERROR;
				CLANG_WARN_UNREACHABLE_CODE = YES;
				CLANG_WARN__DUPLICATE_METHOD_MATCH = YES;
				"CODE_SIGN_IDENTITY[sdk=iphoneos*]" = "iPhone Developer";
				COPY_PHASE_STRIP = YES;
				ENABLE_NS_ASSERTIONS = NO;
				ENABLE_STRICT_OBJC_MSGSEND = YES;
				GCC_C_LANGUAGE_STANDARD = gnu99;
				GCC_WARN_64_TO_32_BIT_CONVERSION = YES;
				GCC_WARN_ABOUT_RETURN_TYPE = YES_ERROR;
				GCC_WARN_UNDECLARED_SELECTOR = YES;
				GCC_WARN_UNINITIALIZED_AUTOS = YES_AGGRESSIVE;
				GCC_WARN_UNUSED_FUNCTION = YES;
				GCC_WARN_UNUSED_VARIABLE = YES;
				IPHONEOS_DEPLOYMENT_TARGET = 8.0;
				MTL_ENABLE_DEBUG_INFO = NO;
				SDKROOT = iphoneos;
				TARGETED_DEVICE_FAMILY = "1,2";
				VALIDATE_PRODUCT = YES;
			};
			name = Release;
		};
		464E909619D4F27900C926CD /* Debug */ = {
			isa = XCBuildConfiguration;
			buildSettings = {
				ASSETCATALOG_COMPILER_APPICON_NAME = AppIcon;
				INFOPLIST_FILE = RottenTom/Info.plist;
				LD_RUNPATH_SEARCH_PATHS = "$(inherited) @executable_path/Frameworks";
				PRODUCT_NAME = "$(TARGET_NAME)";
			};
			name = Debug;
		};
		464E909719D4F27900C926CD /* Release */ = {
			isa = XCBuildConfiguration;
			buildSettings = {
				ASSETCATALOG_COMPILER_APPICON_NAME = AppIcon;
				INFOPLIST_FILE = RottenTom/Info.plist;
				LD_RUNPATH_SEARCH_PATHS = "$(inherited) @executable_path/Frameworks";
				PRODUCT_NAME = "$(TARGET_NAME)";
			};
			name = Release;
		};
		464E909919D4F27900C926CD /* Debug */ = {
			isa = XCBuildConfiguration;
			buildSettings = {
				BUNDLE_LOADER = "$(TEST_HOST)";
				FRAMEWORK_SEARCH_PATHS = (
					"$(SDKROOT)/Developer/Library/Frameworks",
					"$(inherited)",
				);
				GCC_PREPROCESSOR_DEFINITIONS = (
					"DEBUG=1",
					"$(inherited)",
				);
				INFOPLIST_FILE = RottenTomTests/Info.plist;
				LD_RUNPATH_SEARCH_PATHS = "$(inherited) @executable_path/Frameworks @loader_path/Frameworks";
				PRODUCT_NAME = "$(TARGET_NAME)";
				TEST_HOST = "$(BUILT_PRODUCTS_DIR)/RottenTom.app/RottenTom";
			};
			name = Debug;
		};
		464E909A19D4F27900C926CD /* Release */ = {
			isa = XCBuildConfiguration;
			buildSettings = {
				BUNDLE_LOADER = "$(TEST_HOST)";
				FRAMEWORK_SEARCH_PATHS = (
					"$(SDKROOT)/Developer/Library/Frameworks",
					"$(inherited)",
				);
				INFOPLIST_FILE = RottenTomTests/Info.plist;
				LD_RUNPATH_SEARCH_PATHS = "$(inherited) @executable_path/Frameworks @loader_path/Frameworks";
				PRODUCT_NAME = "$(TARGET_NAME)";
				TEST_HOST = "$(BUILT_PRODUCTS_DIR)/RottenTom.app/RottenTom";
			};
			name = Release;
		};
/* End XCBuildConfiguration section */

/* Begin XCConfigurationList section */
		464E907119D4F27900C926CD /* Build configuration list for PBXProject "RottenTom" */ = {
			isa = XCConfigurationList;
			buildConfigurations = (
				464E909319D4F27900C926CD /* Debug */,
				464E909419D4F27900C926CD /* Release */,
			);
			defaultConfigurationIsVisible = 0;
			defaultConfigurationName = Release;
		};
		464E909519D4F27900C926CD /* Build configuration list for PBXNativeTarget "RottenTom" */ = {
			isa = XCConfigurationList;
			buildConfigurations = (
				464E909619D4F27900C926CD /* Debug */,
				464E909719D4F27900C926CD /* Release */,
			);
			defaultConfigurationIsVisible = 0;
		};
		464E909819D4F27900C926CD /* Build configuration list for PBXNativeTarget "RottenTomTests" */ = {
			isa = XCConfigurationList;
			buildConfigurations = (
				464E909919D4F27900C926CD /* Debug */,
				464E909A19D4F27900C926CD /* Release */,
			);
			defaultConfigurationIsVisible = 0;
		};
/* End XCConfigurationList section */
	};
	rootObject = 464E906E19D4F27900C926CD /* Project object */;
}
